
Microsoft Visual Studio Solution File, Format Version 12.00
# Visual Studio 15
Project("{FAE04EC0-301F-11D3-BF4B-00C04F79EFBC}") = "ROLDOM", "Assembly-CSharp.csproj", "{BEB48B5B-842A-FC6E-3BDE-F886E7D5AB22}"
EndProject
Global
	GlobalSection(SolutionConfigurationPlatforms) = preSolution
		Debug|Any CPU = Debug|Any CPU
		Release|Any CPU = Release|Any CPU
	EndGlobalSection
	GlobalSection(ProjectConfigurationPlatforms) = postSolution
		{BEB48B5B-842A-FC6E-3BDE-F886E7D5AB22}.Debug|Any CPU.ActiveCfg = Debug|Any CPU
		{BEB48B5B-842A-FC6E-3BDE-F886E7D5AB22}.Debug|Any CPU.Build.0 = Debug|Any CPU
		{BEB48B5B-842A-FC6E-3BDE-F886E7D5AB22}.Release|Any CPU.ActiveCfg = Release|Any CPU
		{BEB48B5B-842A-FC6E-3BDE-F886E7D5AB22}.Release|Any CPU.Build.0 = Release|Any CPU
	EndGlobalSection
	GlobalSection(SolutionProperties) = preSolution
		HideSolutionNode = FALSE
	EndGlobalSection
EndGlobal
